
Microsoft Visual Studio Solution File, Format Version 12.00
# Visual Studio Version 17
VisualStudioVersion = 17.2.32602.215
MinimumVisualStudioVersion = 10.0.40219.1
Project("{8BC9CEB8-8B4A-11D0-8D11-00A0C91BC942}") = "scheduler", "scheduler\scheduler.vcxproj", "{B7515113-1DDD-4E1F-9FCB-6CA6352389A3}"
EndProject
Global
	GlobalSection(SolutionConfigurationPlatforms) = preSolution
		Debug|x86 = Debug|x86
		Release|x86 = Release|x86
	EndGlobalSection
	GlobalSection(ProjectConfigurationPlatforms) = postSolution
		{B7515113-1DDD-4E1F-9FCB-6CA6352389A3}.Debug|x86.ActiveCfg = Debug|Win32
		{B7515113-1DDD-4E1F-9FCB-6CA6352389A3}.Debug|x86.Build.0 = Debug|Win32
		{B7515113-1DDD-4E1F-9FCB-6CA6352389A3}.Release|x86.ActiveCfg = Release|Win32
		{B7515113-1DDD-4E1F-9FCB-6CA6352389A3}.Release|x86.Build.0 = Release|Win32
	EndGlobalSection
	GlobalSection(SolutionProperties) = preSolution
		HideSolutionNode = FALSE
	EndGlobalSection
	GlobalSection(ExtensibilityGlobals) = postSolution
		SolutionGuid = {E0C9F74B-AD2C-4D91-94F9-1D46AB2BF909}
	EndGlobalSection
EndGlobal
